
Microsoft Visual Studio Solution File, Format Version 12.00
# Visual Studio Version 16
VisualStudioVersion = 16.0.31424.327
MinimumVisualStudioVersion = 10.0.40219.1
Project("{FAE04EC0-301F-11D3-BF4B-00C04F79EFBC}") = "ADO_NET", "ADO_NET\ADO_NET.csproj", "{9C4E55D7-F941-4870-AEF0-2AD4C1475270}"
EndProject
Global
	GlobalSection(SolutionConfigurationPlatforms) = preSolution
		Debug|Any CPU = Debug|Any CPU
		Release|Any CPU = Release|Any CPU
	EndGlobalSection
	GlobalSection(ProjectConfigurationPlatforms) = postSolution
		{9C4E55D7-F941-4870-AEF0-2AD4C1475270}.Debug|Any CPU.ActiveCfg = Debug|Any CPU
		{9C4E55D7-F941-4870-AEF0-2AD4C1475270}.Debug|Any CPU.Build.0 = Debug|Any CPU
		{9C4E55D7-F941-4870-AEF0-2AD4C1475270}.Release|Any CPU.ActiveCfg = Release|Any CPU
		{9C4E55D7-F941-4870-AEF0-2AD4C1475270}.Release|Any CPU.Build.0 = Release|Any CPU
	EndGlobalSection
	GlobalSection(SolutionProperties) = preSolution
		HideSolutionNode = FALSE
	EndGlobalSection
	GlobalSection(ExtensibilityGlobals) = postSolution
		SolutionGuid = {B0139A57-BD4E-442B-BD17-BB59AED3C87F}
	EndGlobalSection
EndGlobal
